// !$*UTF8*$!
{
	archiveVersion = 1;
	classes = {
	};
	objectVersion = 46;
	objects = {

/* Begin PBXBuildFile section */
		470E63E81D157638007CFC02 /* AppDelegate.swift in Sources */ = {isa = PBXBuildFile; fileRef = 470E63E71D157638007CFC02 /* AppDelegate.swift */; };
		470E63EA1D157638007CFC02 /* ViewController.swift in Sources */ = {isa = PBXBuildFile; fileRef = 470E63E91D157638007CFC02 /* ViewController.swift */; };
		470E63ED1D157638007CFC02 /* Main.storyboard in Resources */ = {isa = PBXBuildFile; fileRef = 470E63EB1D157638007CFC02 /* Main.storyboard */; };
		470E63EF1D157638007CFC02 /* Assets.xcassets in Resources */ = {isa = PBXBuildFile; fileRef = 470E63EE1D157638007CFC02 /* Assets.xcassets */; };
		470E63F21D157638007CFC02 /* LaunchScreen.storyboard in Resources */ = {isa = PBXBuildFile; fileRef = 470E63F01D157638007CFC02 /* LaunchScreen.storyboard */; };
/* End PBXBuildFile section */

/* Begin PBXFileReference section */
		470E63E41D157638007CFC02 /* Happy Day.app */ = {isa = PBXFileReference; explicitFileType = wrapper.application; includeInIndex = 0; path = "Happy Day.app"; sourceTree = BUILT_PRODUCTS_DIR; };
		470E63E71D157638007CFC02 /* AppDelegate.swift */ = {isa = PBXFileReference; lastKnownFileType = sourcecode.swift; path = AppDelegate.swift; sourceTree = "<group>"; };
		470E63E91D157638007CFC02 /* ViewController.swift */ = {isa = PBXFileReference; lastKnownFileType = sourcecode.swift; path = ViewController.swift; sourceTree = "<group>"; };
		470E63EC1D157638007CFC02 /* Base */ = {isa = PBXFileReference; lastKnownFileType = file.storyboard; name = Base; path = Base.lproj/Main.storyboard; sourceTree = "<group>"; };
		470E63EE1D157638007CFC02 /* Assets.xcassets */ = {isa = PBXFileReference; lastKnownFileType = folder.assetcatalog; path = Assets.xcassets; sourceTree = "<group>"; };
		470E63F11D157638007CFC02 /* Base */ = {isa = PBXFileReference; lastKnownFileType = file.storyboard; name = Base; path = Base.lproj/LaunchScreen.storyboard; sourceTree = "<group>"; };
		470E63F31D157638007CFC02 /* Info.plist */ = {isa = PBXFileReference; lastKnownFileType = text.plist.xml; path = Info.plist; sourceTree = "<group>"; };
/* End PBXFileReference section */

/* Begin PBXFrameworksBuildPhase section */
		470E63E11D157638007CFC02 /* Frameworks */ = {
			isa = PBXFrameworksBuildPhase;
			buildActionMask = 2147483647;
			files = (
			);
			runOnlyForDeploymentPostprocessing = 0;
		};
/* End PBXFrameworksBuildPhase section */

/* Begin PBXGroup section */
		470E63DB1D157638007CFC02 = {
			isa = PBXGroup;
			children = (
				470E63E61D157638007CFC02 /* Happy Day */,
				470E63E51D157638007CFC02 /* Products */,
			);
			sourceTree = "<group>";
		};
		470E63E51D157638007CFC02 /* Products */ = {
			isa = PBXGroup;
			children = (
				470E63E41D157638007CFC02 /* Happy Day.app */,
			);
			name = Products;
			sourceTree = "<group>";
		};
		470E63E61D157638007CFC02 /* Happy Day */ = {
			isa = PBXGroup;
			children = (
				470E63E71D157638007CFC02 /* AppDelegate.swift */,
				470E63E91D157638007CFC02 /* ViewController.swift */,
				470E63EB1D157638007CFC02 /* Main.storyboard */,
				470E63EE1D157638007CFC02 /* Assets.xcassets */,
				470E63F01D157638007CFC02 /* LaunchScreen.storyboard */,
				470E63F31D157638007CFC02 /* Info.plist */,
			);
			path = "Happy Day";
			sourceTree = "<group>";
		};
/* End PBXGroup section */

/* Begin PBXNativeTarget section */
		470E63E31D157638007CFC02 /* Happy Day */ = {
			isa = PBXNativeTarget;
			buildConfigurationList = 470E63F61D157638007CFC02 /* Build configuration list for PBXNativeTarget "Happy Day" */;
			buildPhases = (
				470E63E01D157638007CFC02 /* Sources */,
				470E63E11D157638007CFC02 /* Frameworks */,
				470E63E21D157638007CFC02 /* Resources */,
			);
			buildRules = (
			);
			dependencies = (
			);
			name = "Happy Day";
			productName = "Happy Day";
			productReference = 470E63E41D157638007CFC02 /* Happy Day.app */;
			productType = "com.apple.product-type.application";
		};
/* End PBXNativeTarget section */

/* Begin PBXProject section */
		470E63DC1D157638007CFC02 /* Project object */ = {
			isa = PBXProject;
			attributes = {
				LastSwiftUpdateCheck = 0800;
				LastUpgradeCheck = 0800;
				ORGANIZATIONNAME = "刘铭";
				TargetAttributes = {
					470E63E31D157638007CFC02 = {
						CreatedOnToolsVersion = 8.0;
						ProvisioningStyle = Automatic;
					};
				};
			};
			buildConfigurationList = 470E63DF1D157638007CFC02 /* Build configuration list for PBXProject "Happy Day" */;
			compatibilityVersion = "Xcode 3.2";
			developmentRegion = English;
			hasScannedForEncodings = 0;
			knownRegions = (
				en,
				Base,
			);
			mainGroup = 470E63DB1D157638007CFC02;
			productRefGroup = 470E63E51D157638007CFC02 /* Products */;
			projectDirPath = "";
			projectRoot = "";
			targets = (
				470E63E31D157638007CFC02 /* Happy Day */,
			);
		};
/* End PBXProject section */

/* Begin PBXResourcesBuildPhase section */
		470E63E21D157638007CFC02 /* Resources */ = {
			isa = PBXResourcesBuildPhase;
			buildActionMask = 2147483647;
			files = (
				470E63F21D157638007CFC02 /* LaunchScreen.storyboard in Resources */,
				470E63EF1D157638007CFC02 /* Assets.xcassets in Resources */,
				470E63ED1D157638007CFC02 /* Main.storyboard in Resources */,
			);
			runOnlyForDeploymentPostprocessing = 0;
		};
/* End PBXResourcesBuildPhase section */

/* Begin PBXSourcesBuildPhase section */
		470E63E01D157638007CFC02 /* Sources */ = {
			isa = PBXSourcesBuildPhase;
			buildActionMask = 2147483647;
			files = (
				470E63EA1D157638007CFC02 /* ViewController.swift in Sources */,
				470E63E81D157638007CFC02 /* AppDelegate.swift in Sources */,
			);
			runOnlyForDeploymentPostprocessing = 0;
		};
/* End PBXSourcesBuildPhase section */

/* Begin PBXVariantGroup section */
		470E63EB1D157638007CFC02 /* Main.storyboard */ = {
			isa = PBXVariantGroup;
			children = (
				470E63EC1D157638007CFC02 /* Base */,
			);
			name = Main.storyboard;
			sourceTree = "<group>";
		};
		470E63F01D157638007CFC02 /* LaunchScreen.storyboard */ = {
			isa = PBXVariantGroup;
			children = (
				470E63F11D157638007CFC02 /* Base */,
			);
			name = LaunchScreen.storyboard;
			sourceTree = "<group>";
		};
/* End PBXVariantGroup section */

/* Begin XCBuildConfiguration section */
		470E63F41D157638007CFC02 /* Debug */ = {
			isa = XCBuildConfiguration;
			buildSettings = {
				ALWAYS_SEARCH_USER_PATHS = NO;
				CLANG_ANALYZER_NONNULL = YES;
				CLANG_CXX_LANGUAGE_STANDARD = "gnu++0x";
				CLANG_CXX_LIBRARY = "libc++";
				CLANG_ENABLE_MODULES = YES;
				CLANG_ENABLE_OBJC_ARC = YES;
				CLANG_WARN_BOOL_CONVERSION = YES;
				CLANG_WARN_CONSTANT_CONVERSION = YES;
				CLANG_WARN_DIRECT_OBJC_ISA_USAGE = YES_ERROR;
				CLANG_WARN_DOCUMENTATION_COMMENTS = YES;
				CLANG_WARN_EMPTY_BODY = YES;
				CLANG_WARN_ENUM_CONVERSION = YES;
				CLANG_WARN_INT_CONVERSION = YES;
				CLANG_WARN_OBJC_ROOT_CLASS = YES_ERROR;
				CLANG_WARN_UNREACHABLE_CODE = YES;
				CLANG_WARN__DUPLICATE_METHOD_MATCH = YES;
				"CODE_SIGN_IDENTITY[sdk=iphoneos*]" = "iPhone Developer";
				COPY_PHASE_STRIP = NO;
				DEBUG_INFORMATION_FORMAT = dwarf;
				ENABLE_STRICT_OBJC_MSGSEND = YES;
				ENABLE_TESTABILITY = YES;
				GCC_C_LANGUAGE_STANDARD = gnu99;
				GCC_DYNAMIC_NO_PIC = NO;
				GCC_NO_COMMON_BLOCKS = YES;
				GCC_OPTIMIZATION_LEVEL = 0;
				GCC_PREPROCESSOR_DEFINITIONS = (
					"DEBUG=1",
					"$(inherited)",
				);
				GCC_WARN_64_TO_32_BIT_CONVERSION = YES;
				GCC_WARN_ABOUT_RETURN_TYPE = YES_ERROR;
				GCC_WARN_UNDECLARED_SELECTOR = YES;
				GCC_WARN_UNINITIALIZED_AUTOS = YES_AGGRESSIVE;
				GCC_WARN_UNUSED_FUNCTION = YES;
				GCC_WARN_UNUSED_VARIABLE = YES;
				IPHONEOS_DEPLOYMENT_TARGET = 10.0;
				MTL_ENABLE_DEBUG_INFO = YES;
				ONLY_ACTIVE_ARCH = YES;
				SDKROOT = iphoneos;
				SWIFT_ACTIVE_COMPILATION_CONDITIONS = DEBUG;
				SWIFT_OPTIMIZATION_LEVEL = "-Onone";
			};
			name = Debug;
		};
		470E63F51D157638007CFC02 /* Release */ = {
			isa = XCBuildConfiguration;
			buildSettings = {
				ALWAYS_SEARCH_USER_PATHS = NO;
				CLANG_ANALYZER_NONNULL = YES;
				CLANG_CXX_LANGUAGE_STANDARD = "gnu++0x";
				CLANG_CXX_LIBRARY = "libc++";
				CLANG_ENABLE_MODULES = YES;
				CLANG_ENABLE_OBJC_ARC = YES;
				CLANG_WARN_BOOL_CONVERSION = YES;
				CLANG_WARN_CONSTANT_CONVERSION = YES;
				CLANG_WARN_DIRECT_OBJC_ISA_USAGE = YES_ERROR;
				CLANG_WARN_DOCUMENTATION_COMMENTS = YES;
				CLANG_WARN_EMPTY_BODY = YES;
				CLANG_WARN_ENUM_CONVERSION = YES;
				CLANG_WARN_INT_CONVERSION = YES;
				CLANG_WARN_OBJC_ROOT_CLASS = YES_ERROR;
				CLANG_WARN_UNREACHABLE_CODE = YES;
				CLANG_WARN__DUPLICATE_METHOD_MATCH = YES;
				"CODE_SIGN_IDENTITY[sdk=iphoneos*]" = "iPhone Developer";
				COPY_PHASE_STRIP = NO;
				DEBUG_INFORMATION_FORMAT = "dwarf-with-dsym";
				ENABLE_NS_ASSERTIONS = NO;
				ENABLE_STRICT_OBJC_MSGSEND = YES;
				GCC_C_LANGUAGE_STANDARD = gnu99;
				GCC_NO_COMMON_BLOCKS = YES;
				GCC_WARN_64_TO_32_BIT_CONVERSION = YES;
				GCC_WARN_ABOUT_RETURN_TYPE = YES_ERROR;
				GCC_WARN_UNDECLARED_SELECTOR = YES;
				GCC_WARN_UNINITIALIZED_AUTOS = YES_AGGRESSIVE;
				GCC_WARN_UNUSED_FUNCTION = YES;
				GCC_WARN_UNUSED_VARIABLE = YES;
				IPHONEOS_DEPLOYMENT_TARGET = 10.0;
				MTL_ENABLE_DEBUG_INFO = NO;
				SDKROOT = iphoneos;
				SWIFT_OPTIMIZATION_LEVEL = "-Owholemodule";
				VALIDATE_PRODUCT = YES;
			};
			name = Release;
		};
		470E63F71D157638007CFC02 /* Debug */ = {
			isa = XCBuildConfiguration;
			buildSettings = {
				ASSETCATALOG_COMPILER_APPICON_NAME = AppIcon;
				INFOPLIST_FILE = "Happy Day/Info.plist";
				LD_RUNPATH_SEARCH_PATHS = "$(inherited) @executable_path/Frameworks";
				PRODUCT_BUNDLE_IDENTIFIER = "cn.liuming.Happy-Day";
				PRODUCT_NAME = "$(TARGET_NAME)";
				SWIFT_VERSION = 3.0;
			};
			name = Debug;
		};
		470E63F81D157638007CFC02 /* Release */ = {
			isa = XCBuildConfiguration;
			buildSettings = {
				ASSETCATALOG_COMPILER_APPICON_NAME = AppIcon;
				INFOPLIST_FILE = "Happy Day/Info.plist";
				LD_RUNPATH_SEARCH_PATHS = "$(inherited) @executable_path/Frameworks";
				PRODUCT_BUNDLE_IDENTIFIER = "cn.liuming.Happy-Day";
				PRODUCT_NAME = "$(TARGET_NAME)";
				SWIFT_VERSION = 3.0;
			};
			name = Release;
		};
/* End XCBuildConfiguration section */

/* Begin XCConfigurationList section */
		470E63DF1D157638007CFC02 /* Build configuration list for PBXProject "Happy Day" */ = {
			isa = XCConfigurationList;
			buildConfigurations = (
				470E63F41D157638007CFC02 /* Debug */,
				470E63F51D157638007CFC02 /* Release */,
			);
			defaultConfigurationIsVisible = 0;
			defaultConfigurationName = Release;
		};
		470E63F61D157638007CFC02 /* Build configuration list for PBXNativeTarget "Happy Day" */ = {
			isa = XCConfigurationList;
			buildConfigurations = (
				470E63F71D157638007CFC02 /* Debug */,
				470E63F81D157638007CFC02 /* Release */,
			);
			defaultConfigurationIsVisible = 0;
		};
/* End XCConfigurationList section */
	};
	rootObject = 470E63DC1D157638007CFC02 /* Project object */;
}
