// !$*UTF8*$!
{
	archiveVersion = 1;
	classes = {
	};
	objectVersion = 46;
	objects = {

/* Begin PBXBuildFile section */
		476115A01D163D0200D540DA /* MemoriesViewController.swift in Sources */ = {isa = PBXBuildFile; fileRef = 4761159F1D163D0200D540DA /* MemoriesViewController.swift */; };
		476115A21D163DEE00D540DA /* MemoryCell.swift in Sources */ = {isa = PBXBuildFile; fileRef = 476115A11D163DEE00D540DA /* MemoryCell.swift */; };
		47F1C9141D162E480073C691 /* AppDelegate.swift in Sources */ = {isa = PBXBuildFile; fileRef = 47F1C9131D162E480073C691 /* AppDelegate.swift */; };
		47F1C9161D162E480073C691 /* ViewController.swift in Sources */ = {isa = PBXBuildFile; fileRef = 47F1C9151D162E480073C691 /* ViewController.swift */; };
		47F1C9191D162E480073C691 /* Main.storyboard in Resources */ = {isa = PBXBuildFile; fileRef = 47F1C9171D162E480073C691 /* Main.storyboard */; };
		47F1C91B1D162E480073C691 /* Assets.xcassets in Resources */ = {isa = PBXBuildFile; fileRef = 47F1C91A1D162E480073C691 /* Assets.xcassets */; };
		47F1C91E1D162E480073C691 /* LaunchScreen.storyboard in Resources */ = {isa = PBXBuildFile; fileRef = 47F1C91C1D162E480073C691 /* LaunchScreen.storyboard */; };
/* End PBXBuildFile section */

/* Begin PBXFileReference section */
		4761159F1D163D0200D540DA /* MemoriesViewController.swift */ = {isa = PBXFileReference; fileEncoding = 4; lastKnownFileType = sourcecode.swift; path = MemoriesViewController.swift; sourceTree = "<group>"; };
		476115A11D163DEE00D540DA /* MemoryCell.swift */ = {isa = PBXFileReference; fileEncoding = 4; lastKnownFileType = sourcecode.swift; path = MemoryCell.swift; sourceTree = "<group>"; };
		47F1C9101D162E480073C691 /* Happy Day.app */ = {isa = PBXFileReference; explicitFileType = wrapper.application; includeInIndex = 0; path = "Happy Day.app"; sourceTree = BUILT_PRODUCTS_DIR; };
		47F1C9131D162E480073C691 /* AppDelegate.swift */ = {isa = PBXFileReference; lastKnownFileType = sourcecode.swift; path = AppDelegate.swift; sourceTree = "<group>"; };
		47F1C9151D162E480073C691 /* ViewController.swift */ = {isa = PBXFileReference; lastKnownFileType = sourcecode.swift; path = ViewController.swift; sourceTree = "<group>"; };
		47F1C9181D162E480073C691 /* Base */ = {isa = PBXFileReference; lastKnownFileType = file.storyboard; name = Base; path = Base.lproj/Main.storyboard; sourceTree = "<group>"; };
		47F1C91A1D162E480073C691 /* Assets.xcassets */ = {isa = PBXFileReference; lastKnownFileType = folder.assetcatalog; path = Assets.xcassets; sourceTree = "<group>"; };
		47F1C91D1D162E480073C691 /* Base */ = {isa = PBXFileReference; lastKnownFileType = file.storyboard; name = Base; path = Base.lproj/LaunchScreen.storyboard; sourceTree = "<group>"; };
		47F1C91F1D162E480073C691 /* Info.plist */ = {isa = PBXFileReference; lastKnownFileType = text.plist.xml; path = Info.plist; sourceTree = "<group>"; };
/* End PBXFileReference section */

/* Begin PBXFrameworksBuildPhase section */
		47F1C90D1D162E480073C691 /* Frameworks */ = {
			isa = PBXFrameworksBuildPhase;
			buildActionMask = 2147483647;
			files = (
			);
			runOnlyForDeploymentPostprocessing = 0;
		};
/* End PBXFrameworksBuildPhase section */

/* Begin PBXGroup section */
		47F1C9071D162E480073C691 = {
			isa = PBXGroup;
			children = (
				47F1C9121D162E480073C691 /* Happy Day */,
				47F1C9111D162E480073C691 /* Products */,
			);
			sourceTree = "<group>";
		};
		47F1C9111D162E480073C691 /* Products */ = {
			isa = PBXGroup;
			children = (
				47F1C9101D162E480073C691 /* Happy Day.app */,
			);
			name = Products;
			sourceTree = "<group>";
		};
		47F1C9121D162E480073C691 /* Happy Day */ = {
			isa = PBXGroup;
			children = (
				47F1C9131D162E480073C691 /* AppDelegate.swift */,
				47F1C9151D162E480073C691 /* ViewController.swift */,
				47F1C9171D162E480073C691 /* Main.storyboard */,
				47F1C91A1D162E480073C691 /* Assets.xcassets */,
				47F1C91C1D162E480073C691 /* LaunchScreen.storyboard */,
				47F1C91F1D162E480073C691 /* Info.plist */,
				4761159F1D163D0200D540DA /* MemoriesViewController.swift */,
				476115A11D163DEE00D540DA /* MemoryCell.swift */,
			);
			path = "Happy Day";
			sourceTree = "<group>";
		};
/* End PBXGroup section */

/* Begin PBXNativeTarget section */
		47F1C90F1D162E480073C691 /* Happy Day */ = {
			isa = PBXNativeTarget;
			buildConfigurationList = 47F1C9221D162E480073C691 /* Build configuration list for PBXNativeTarget "Happy Day" */;
			buildPhases = (
				47F1C90C1D162E480073C691 /* Sources */,
				47F1C90D1D162E480073C691 /* Frameworks */,
				47F1C90E1D162E480073C691 /* Resources */,
			);
			buildRules = (
			);
			dependencies = (
			);
			name = "Happy Day";
			productName = "Happy Day";
			productReference = 47F1C9101D162E480073C691 /* Happy Day.app */;
			productType = "com.apple.product-type.application";
		};
/* End PBXNativeTarget section */

/* Begin PBXProject section */
		47F1C9081D162E480073C691 /* Project object */ = {
			isa = PBXProject;
			attributes = {
				LastSwiftUpdateCheck = 0800;
				LastUpgradeCheck = 0800;
				ORGANIZATIONNAME = "铭刘";
				TargetAttributes = {
					47F1C90F1D162E480073C691 = {
						CreatedOnToolsVersion = 8.0;
						ProvisioningStyle = Automatic;
					};
				};
			};
			buildConfigurationList = 47F1C90B1D162E480073C691 /* Build configuration list for PBXProject "Happy Day" */;
			compatibilityVersion = "Xcode 3.2";
			developmentRegion = English;
			hasScannedForEncodings = 0;
			knownRegions = (
				en,
				Base,
			);
			mainGroup = 47F1C9071D162E480073C691;
			productRefGroup = 47F1C9111D162E480073C691 /* Products */;
			projectDirPath = "";
			projectRoot = "";
			targets = (
				47F1C90F1D162E480073C691 /* Happy Day */,
			);
		};
/* End PBXProject section */

/* Begin PBXResourcesBuildPhase section */
		47F1C90E1D162E480073C691 /* Resources */ = {
			isa = PBXResourcesBuildPhase;
			buildActionMask = 2147483647;
			files = (
				47F1C91E1D162E480073C691 /* LaunchScreen.storyboard in Resources */,
				47F1C91B1D162E480073C691 /* Assets.xcassets in Resources */,
				47F1C9191D162E480073C691 /* Main.storyboard in Resources */,
			);
			runOnlyForDeploymentPostprocessing = 0;
		};
/* End PBXResourcesBuildPhase section */

/* Begin PBXSourcesBuildPhase section */
		47F1C90C1D162E480073C691 /* Sources */ = {
			isa = PBXSourcesBuildPhase;
			buildActionMask = 2147483647;
			files = (
				476115A21D163DEE00D540DA /* MemoryCell.swift in Sources */,
				476115A01D163D0200D540DA /* MemoriesViewController.swift in Sources */,
				47F1C9161D162E480073C691 /* ViewController.swift in Sources */,
				47F1C9141D162E480073C691 /* AppDelegate.swift in Sources */,
			);
			runOnlyForDeploymentPostprocessing = 0;
		};
/* End PBXSourcesBuildPhase section */

/* Begin PBXVariantGroup section */
		47F1C9171D162E480073C691 /* Main.storyboard */ = {
			isa = PBXVariantGroup;
			children = (
				47F1C9181D162E480073C691 /* Base */,
			);
			name = Main.storyboard;
			sourceTree = "<group>";
		};
		47F1C91C1D162E480073C691 /* LaunchScreen.storyboard */ = {
			isa = PBXVariantGroup;
			children = (
				47F1C91D1D162E480073C691 /* Base */,
			);
			name = LaunchScreen.storyboard;
			sourceTree = "<group>";
		};
/* End PBXVariantGroup section */

/* Begin XCBuildConfiguration section */
		47F1C9201D162E480073C691 /* Debug */ = {
			isa = XCBuildConfiguration;
			buildSettings = {
				ALWAYS_SEARCH_USER_PATHS = NO;
				CLANG_ANALYZER_NONNULL = YES;
				CLANG_CXX_LANGUAGE_STANDARD = "gnu++0x";
				CLANG_CXX_LIBRARY = "libc++";
				CLANG_ENABLE_MODULES = YES;
				CLANG_ENABLE_OBJC_ARC = YES;
				CLANG_WARN_BOOL_CONVERSION = YES;
				CLANG_WARN_CONSTANT_CONVERSION = YES;
				CLANG_WARN_DIRECT_OBJC_ISA_USAGE = YES_ERROR;
				CLANG_WARN_DOCUMENTATION_COMMENTS = YES;
				CLANG_WARN_EMPTY_BODY = YES;
				CLANG_WARN_ENUM_CONVERSION = YES;
				CLANG_WARN_INT_CONVERSION = YES;
				CLANG_WARN_OBJC_ROOT_CLASS = YES_ERROR;
				CLANG_WARN_UNREACHABLE_CODE = YES;
				CLANG_WARN__DUPLICATE_METHOD_MATCH = YES;
				"CODE_SIGN_IDENTITY[sdk=iphoneos*]" = "iPhone Developer";
				COPY_PHASE_STRIP = NO;
				DEBUG_INFORMATION_FORMAT = dwarf;
				ENABLE_STRICT_OBJC_MSGSEND = YES;
				ENABLE_TESTABILITY = YES;
				GCC_C_LANGUAGE_STANDARD = gnu99;
				GCC_DYNAMIC_NO_PIC = NO;
				GCC_NO_COMMON_BLOCKS = YES;
				GCC_OPTIMIZATION_LEVEL = 0;
				GCC_PREPROCESSOR_DEFINITIONS = (
					"DEBUG=1",
					"$(inherited)",
				);
				GCC_WARN_64_TO_32_BIT_CONVERSION = YES;
				GCC_WARN_ABOUT_RETURN_TYPE = YES_ERROR;
				GCC_WARN_UNDECLARED_SELECTOR = YES;
				GCC_WARN_UNINITIALIZED_AUTOS = YES_AGGRESSIVE;
				GCC_WARN_UNUSED_FUNCTION = YES;
				GCC_WARN_UNUSED_VARIABLE = YES;
				IPHONEOS_DEPLOYMENT_TARGET = 10.0;
				MTL_ENABLE_DEBUG_INFO = YES;
				ONLY_ACTIVE_ARCH = YES;
				SDKROOT = iphoneos;
				SWIFT_ACTIVE_COMPILATION_CONDITIONS = DEBUG;
				SWIFT_OPTIMIZATION_LEVEL = "-Onone";
				TARGETED_DEVICE_FAMILY = "1,2";
			};
			name = Debug;
		};
		47F1C9211D162E480073C691 /* Release */ = {
			isa = XCBuildConfiguration;
			buildSettings = {
				ALWAYS_SEARCH_USER_PATHS = NO;
				CLANG_ANALYZER_NONNULL = YES;
				CLANG_CXX_LANGUAGE_STANDARD = "gnu++0x";
				CLANG_CXX_LIBRARY = "libc++";
				CLANG_ENABLE_MODULES = YES;
				CLANG_ENABLE_OBJC_ARC = YES;
				CLANG_WARN_BOOL_CONVERSION = YES;
				CLANG_WARN_CONSTANT_CONVERSION = YES;
				CLANG_WARN_DIRECT_OBJC_ISA_USAGE = YES_ERROR;
				CLANG_WARN_DOCUMENTATION_COMMENTS = YES;
				CLANG_WARN_EMPTY_BODY = YES;
				CLANG_WARN_ENUM_CONVERSION = YES;
				CLANG_WARN_INT_CONVERSION = YES;
				CLANG_WARN_OBJC_ROOT_CLASS = YES_ERROR;
				CLANG_WARN_UNREACHABLE_CODE = YES;
				CLANG_WARN__DUPLICATE_METHOD_MATCH = YES;
				"CODE_SIGN_IDENTITY[sdk=iphoneos*]" = "iPhone Developer";
				COPY_PHASE_STRIP = NO;
				DEBUG_INFORMATION_FORMAT = "dwarf-with-dsym";
				ENABLE_NS_ASSERTIONS = NO;
				ENABLE_STRICT_OBJC_MSGSEND = YES;
				GCC_C_LANGUAGE_STANDARD = gnu99;
				GCC_NO_COMMON_BLOCKS = YES;
				GCC_WARN_64_TO_32_BIT_CONVERSION = YES;
				GCC_WARN_ABOUT_RETURN_TYPE = YES_ERROR;
				GCC_WARN_UNDECLARED_SELECTOR = YES;
				GCC_WARN_UNINITIALIZED_AUTOS = YES_AGGRESSIVE;
				GCC_WARN_UNUSED_FUNCTION = YES;
				GCC_WARN_UNUSED_VARIABLE = YES;
				IPHONEOS_DEPLOYMENT_TARGET = 10.0;
				MTL_ENABLE_DEBUG_INFO = NO;
				SDKROOT = iphoneos;
				SWIFT_OPTIMIZATION_LEVEL = "-Owholemodule";
				TARGETED_DEVICE_FAMILY = "1,2";
				VALIDATE_PRODUCT = YES;
			};
			name = Release;
		};
		47F1C9231D162E480073C691 /* Debug */ = {
			isa = XCBuildConfiguration;
			buildSettings = {
				ASSETCATALOG_COMPILER_APPICON_NAME = AppIcon;
				INFOPLIST_FILE = "Happy Day/Info.plist";
				LD_RUNPATH_SEARCH_PATHS = "$(inherited) @executable_path/Frameworks";
				PRODUCT_BUNDLE_IDENTIFIER = "cn.liuming.Happy-Day";
				PRODUCT_NAME = "$(TARGET_NAME)";
				SWIFT_VERSION = 3.0;
			};
			name = Debug;
		};
		47F1C9241D162E480073C691 /* Release */ = {
			isa = XCBuildConfiguration;
			buildSettings = {
				ASSETCATALOG_COMPILER_APPICON_NAME = AppIcon;
				INFOPLIST_FILE = "Happy Day/Info.plist";
				LD_RUNPATH_SEARCH_PATHS = "$(inherited) @executable_path/Frameworks";
				PRODUCT_BUNDLE_IDENTIFIER = "cn.liuming.Happy-Day";
				PRODUCT_NAME = "$(TARGET_NAME)";
				SWIFT_VERSION = 3.0;
			};
			name = Release;
		};
/* End XCBuildConfiguration section */

/* Begin XCConfigurationList section */
		47F1C90B1D162E480073C691 /* Build configuration list for PBXProject "Happy Day" */ = {
			isa = XCConfigurationList;
			buildConfigurations = (
				47F1C9201D162E480073C691 /* Debug */,
				47F1C9211D162E480073C691 /* Release */,
			);
			defaultConfigurationIsVisible = 0;
			defaultConfigurationName = Release;
		};
		47F1C9221D162E480073C691 /* Build configuration list for PBXNativeTarget "Happy Day" */ = {
			isa = XCConfigurationList;
			buildConfigurations = (
				47F1C9231D162E480073C691 /* Debug */,
				47F1C9241D162E480073C691 /* Release */,
			);
			defaultConfigurationIsVisible = 0;
			defaultConfigurationName = Release;
		};
/* End XCConfigurationList section */
	};
	rootObject = 47F1C9081D162E480073C691 /* Project object */;
}
